
Microsoft Visual Studio Solution File, Format Version 12.00
# Visual Studio 2008
Project("{FAE04EC0-301F-11D3-BF4B-00C04F79EFBC}") = "Interface", "Interface\Interface.csproj", "{F77899D3-846D-4832-8BA5-B8B12A0AA42B}"
EndProject
Project("{FAE04EC0-301F-11D3-BF4B-00C04F79EFBC}") = "BusinessRuler", "BusinessRuler\BusinessRuler.csproj", "{BFC8AD96-91D1-4F6E-AB7D-7B992D375451}"
EndProject
Project("{FAE04EC0-301F-11D3-BF4B-00C04F79EFBC}") = "DataAccess", "DataAccess\DataAccess.csproj", "{AA4CFD6D-A3B7-4BC2-9CF3-EA1B548BA606}"
EndProject
Global
	GlobalSection(SolutionConfigurationPlatforms) = preSolution
		Debug|Any CPU = Debug|Any CPU
		Release|Any CPU = Release|Any CPU
	EndGlobalSection
	GlobalSection(ProjectConfigurationPlatforms) = postSolution
		{F77899D3-846D-4832-8BA5-B8B12A0AA42B}.Debug|Any CPU.ActiveCfg = Debug|Any CPU
		{F77899D3-846D-4832-8BA5-B8B12A0AA42B}.Debug|Any CPU.Build.0 = Debug|Any CPU
		{F77899D3-846D-4832-8BA5-B8B12A0AA42B}.Release|Any CPU.ActiveCfg = Release|Any CPU
		{F77899D3-846D-4832-8BA5-B8B12A0AA42B}.Release|Any CPU.Build.0 = Release|Any CPU
		{BFC8AD96-91D1-4F6E-AB7D-7B992D375451}.Debug|Any CPU.ActiveCfg = Debug|Any CPU
		{BFC8AD96-91D1-4F6E-AB7D-7B992D375451}.Debug|Any CPU.Build.0 = Debug|Any CPU
		{BFC8AD96-91D1-4F6E-AB7D-7B992D375451}.Release|Any CPU.ActiveCfg = Release|Any CPU
		{BFC8AD96-91D1-4F6E-AB7D-7B992D375451}.Release|Any CPU.Build.0 = Release|Any CPU
		{AA4CFD6D-A3B7-4BC2-9CF3-EA1B548BA606}.Debug|Any CPU.ActiveCfg = Debug|Any CPU
		{AA4CFD6D-A3B7-4BC2-9CF3-EA1B548BA606}.Debug|Any CPU.Build.0 = Debug|Any CPU
		{AA4CFD6D-A3B7-4BC2-9CF3-EA1B548BA606}.Release|Any CPU.ActiveCfg = Release|Any CPU
		{AA4CFD6D-A3B7-4BC2-9CF3-EA1B548BA606}.Release|Any CPU.Build.0 = Release|Any CPU
	EndGlobalSection
	GlobalSection(SolutionProperties) = preSolution
		HideSolutionNode = FALSE
	EndGlobalSection
EndGlobal
